// !$*UTF8*$!
{
	archiveVersion = 1;
	classes = {
	};
	objectVersion = 50;
	objects = {

/* Begin PBXBuildFile section */
		639ED32325FA1BEE005B4A9E /* AppStateApp.swift in Sources */ = {isa = PBXBuildFile; fileRef = 639ED32225FA1BEE005B4A9E /* AppStateApp.swift */; };
		639ED32525FA1BEE005B4A9E /* ContentView.swift in Sources */ = {isa = PBXBuildFile; fileRef = 639ED32425FA1BEE005B4A9E /* ContentView.swift */; };
		639ED32725FA1BEF005B4A9E /* Assets.xcassets in Resources */ = {isa = PBXBuildFile; fileRef = 639ED32625FA1BEF005B4A9E /* Assets.xcassets */; };
		639ED32A25FA1BEF005B4A9E /* Preview Assets.xcassets in Resources */ = {isa = PBXBuildFile; fileRef = 639ED32925FA1BEF005B4A9E /* Preview Assets.xcassets */; };
		639ED33325FA1CBA005B4A9E /* ItemView.swift in Sources */ = {isa = PBXBuildFile; fileRef = 639ED33225FA1CBA005B4A9E /* ItemView.swift */; };
		639ED33625FA4E6B005B4A9E /* CartView.swift in Sources */ = {isa = PBXBuildFile; fileRef = 639ED33525FA4E6B005B4A9E /* CartView.swift */; };
/* End PBXBuildFile section */

/* Begin PBXFileReference section */
		639ED31F25FA1BEE005B4A9E /* AppState.app */ = {isa = PBXFileReference; explicitFileType = wrapper.application; includeInIndex = 0; path = AppState.app; sourceTree = BUILT_PRODUCTS_DIR; };
		639ED32225FA1BEE005B4A9E /* AppStateApp.swift */ = {isa = PBXFileReference; lastKnownFileType = sourcecode.swift; path = AppStateApp.swift; sourceTree = "<group>"; };
		639ED32425FA1BEE005B4A9E /* ContentView.swift */ = {isa = PBXFileReference; lastKnownFileType = sourcecode.swift; path = ContentView.swift; sourceTree = "<group>"; };
		639ED32625FA1BEF005B4A9E /* Assets.xcassets */ = {isa = PBXFileReference; lastKnownFileType = folder.assetcatalog; path = Assets.xcassets; sourceTree = "<group>"; };
		639ED32925FA1BEF005B4A9E /* Preview Assets.xcassets */ = {isa = PBXFileReference; lastKnownFileType = folder.assetcatalog; path = "Preview Assets.xcassets"; sourceTree = "<group>"; };
		639ED32B25FA1BEF005B4A9E /* Info.plist */ = {isa = PBXFileReference; lastKnownFileType = text.plist.xml; path = Info.plist; sourceTree = "<group>"; };
		639ED33225FA1CBA005B4A9E /* ItemView.swift */ = {isa = PBXFileReference; lastKnownFileType = sourcecode.swift; path = ItemView.swift; sourceTree = "<group>"; };
		639ED33525FA4E6B005B4A9E /* CartView.swift */ = {isa = PBXFileReference; lastKnownFileType = sourcecode.swift; path = CartView.swift; sourceTree = "<group>"; };
/* End PBXFileReference section */

/* Begin PBXFrameworksBuildPhase section */
		639ED31C25FA1BEE005B4A9E /* Frameworks */ = {
			isa = PBXFrameworksBuildPhase;
			buildActionMask = 2147483647;
			files = (
			);
			runOnlyForDeploymentPostprocessing = 0;
		};
/* End PBXFrameworksBuildPhase section */

/* Begin PBXGroup section */
		639ED31625FA1BEE005B4A9E = {
			isa = PBXGroup;
			children = (
				639ED32125FA1BEE005B4A9E /* AppState */,
				639ED32025FA1BEE005B4A9E /* Products */,
			);
			sourceTree = "<group>";
		};
		639ED32025FA1BEE005B4A9E /* Products */ = {
			isa = PBXGroup;
			children = (
				639ED31F25FA1BEE005B4A9E /* AppState.app */,
			);
			name = Products;
			sourceTree = "<group>";
		};
		639ED32125FA1BEE005B4A9E /* AppState */ = {
			isa = PBXGroup;
			children = (
				639ED32225FA1BEE005B4A9E /* AppStateApp.swift */,
				639ED32425FA1BEE005B4A9E /* ContentView.swift */,
				639ED33225FA1CBA005B4A9E /* ItemView.swift */,
				639ED33525FA4E6B005B4A9E /* CartView.swift */,
				639ED32625FA1BEF005B4A9E /* Assets.xcassets */,
				639ED32B25FA1BEF005B4A9E /* Info.plist */,
				639ED32825FA1BEF005B4A9E /* Preview Content */,
			);
			path = AppState;
			sourceTree = "<group>";
		};
		639ED32825FA1BEF005B4A9E /* Preview Content */ = {
			isa = PBXGroup;
			children = (
				639ED32925FA1BEF005B4A9E /* Preview Assets.xcassets */,
			);
			path = "Preview Content";
			sourceTree = "<group>";
		};
/* End PBXGroup section */

/* Begin PBXNativeTarget section */
		639ED31E25FA1BEE005B4A9E /* AppState */ = {
			isa = PBXNativeTarget;
			buildConfigurationList = 639ED32E25FA1BEF005B4A9E /* Build configuration list for PBXNativeTarget "AppState" */;
			buildPhases = (
				639ED31B25FA1BEE005B4A9E /* Sources */,
				639ED31C25FA1BEE005B4A9E /* Frameworks */,
				639ED31D25FA1BEE005B4A9E /* Resources */,
			);
			buildRules = (
			);
			dependencies = (
			);
			name = AppState;
			productName = AppState;
			productReference = 639ED31F25FA1BEE005B4A9E /* AppState.app */;
			productType = "com.apple.product-type.application";
		};
/* End PBXNativeTarget section */

/* Begin PBXProject section */
		639ED31725FA1BEE005B4A9E /* Project object */ = {
			isa = PBXProject;
			attributes = {
				LastSwiftUpdateCheck = 1240;
				LastUpgradeCheck = 1240;
				TargetAttributes = {
					639ED31E25FA1BEE005B4A9E = {
						CreatedOnToolsVersion = 12.4;
					};
				};
			};
			buildConfigurationList = 639ED31A25FA1BEE005B4A9E /* Build configuration list for PBXProject "AppState" */;
			compatibilityVersion = "Xcode 9.3";
			developmentRegion = en;
			hasScannedForEncodings = 0;
			knownRegions = (
				en,
				Base,
			);
			mainGroup = 639ED31625FA1BEE005B4A9E;
			productRefGroup = 639ED32025FA1BEE005B4A9E /* Products */;
			projectDirPath = "";
			projectRoot = "";
			targets = (
				639ED31E25FA1BEE005B4A9E /* AppState */,
			);
		};
/* End PBXProject section */

/* Begin PBXResourcesBuildPhase section */
		639ED31D25FA1BEE005B4A9E /* Resources */ = {
			isa = PBXResourcesBuildPhase;
			buildActionMask = 2147483647;
			files = (
				639ED32A25FA1BEF005B4A9E /* Preview Assets.xcassets in Resources */,
				639ED32725FA1BEF005B4A9E /* Assets.xcassets in Resources */,
			);
			runOnlyForDeploymentPostprocessing = 0;
		};
/* End PBXResourcesBuildPhase section */

/* Begin PBXSourcesBuildPhase section */
		639ED31B25FA1BEE005B4A9E /* Sources */ = {
			isa = PBXSourcesBuildPhase;
			buildActionMask = 2147483647;
			files = (
				639ED32525FA1BEE005B4A9E /* ContentView.swift in Sources */,
				639ED33325FA1CBA005B4A9E /* ItemView.swift in Sources */,
				639ED33625FA4E6B005B4A9E /* CartView.swift in Sources */,
				639ED32325FA1BEE005B4A9E /* AppStateApp.swift in Sources */,
			);
			runOnlyForDeploymentPostprocessing = 0;
		};
/* End PBXSourcesBuildPhase section */

/* Begin XCBuildConfiguration section */
		639ED32C25FA1BEF005B4A9E /* Debug */ = {
			isa = XCBuildConfiguration;
			buildSettings = {
				ALWAYS_SEARCH_USER_PATHS = NO;
				CLANG_ANALYZER_NONNULL = YES;
				CLANG_ANALYZER_NUMBER_OBJECT_CONVERSION = YES_AGGRESSIVE;
				CLANG_CXX_LANGUAGE_STANDARD = "gnu++14";
				CLANG_CXX_LIBRARY = "libc++";
				CLANG_ENABLE_MODULES = YES;
				CLANG_ENABLE_OBJC_ARC = YES;
				CLANG_ENABLE_OBJC_WEAK = YES;
				CLANG_WARN_BLOCK_CAPTURE_AUTORELEASING = YES;
				CLANG_WARN_BOOL_CONVERSION = YES;
				CLANG_WARN_COMMA = YES;
				CLANG_WARN_CONSTANT_CONVERSION = YES;
				CLANG_WARN_DEPRECATED_OBJC_IMPLEMENTATIONS = YES;
				CLANG_WARN_DIRECT_OBJC_ISA_USAGE = YES_ERROR;
				CLANG_WARN_DOCUMENTATION_COMMENTS = YES;
				CLANG_WARN_EMPTY_BODY = YES;
				CLANG_WARN_ENUM_CONVERSION = YES;
				CLANG_WARN_INFINITE_RECURSION = YES;
				CLANG_WARN_INT_CONVERSION = YES;
				CLANG_WARN_NON_LITERAL_NULL_CONVERSION = YES;
				CLANG_WARN_OBJC_IMPLICIT_RETAIN_SELF = YES;
				CLANG_WARN_OBJC_LITERAL_CONVERSION = YES;
				CLANG_WARN_OBJC_ROOT_CLASS = YES_ERROR;
				CLANG_WARN_QUOTED_INCLUDE_IN_FRAMEWORK_HEADER = YES;
				CLANG_WARN_RANGE_LOOP_ANALYSIS = YES;
				CLANG_WARN_STRICT_PROTOTYPES = YES;
				CLANG_WARN_SUSPICIOUS_MOVE = YES;
				CLANG_WARN_UNGUARDED_AVAILABILITY = YES_AGGRESSIVE;
				CLANG_WARN_UNREACHABLE_CODE = YES;
				CLANG_WARN__DUPLICATE_METHOD_MATCH = YES;
				COPY_PHASE_STRIP = NO;
				DEBUG_INFORMATION_FORMAT = dwarf;
				ENABLE_STRICT_OBJC_MSGSEND = YES;
				ENABLE_TESTABILITY = YES;
				GCC_C_LANGUAGE_STANDARD = gnu11;
				GCC_DYNAMIC_NO_PIC = NO;
				GCC_NO_COMMON_BLOCKS = YES;
				GCC_OPTIMIZATION_LEVEL = 0;
				GCC_PREPROCESSOR_DEFINITIONS = (
					"DEBUG=1",
					"$(inherited)",
				);
				GCC_WARN_64_TO_32_BIT_CONVERSION = YES;
				GCC_WARN_ABOUT_RETURN_TYPE = YES_ERROR;
				GCC_WARN_UNDECLARED_SELECTOR = YES;
				GCC_WARN_UNINITIALIZED_AUTOS = YES_AGGRESSIVE;
				GCC_WARN_UNUSED_FUNCTION = YES;
				GCC_WARN_UNUSED_VARIABLE = YES;
				IPHONEOS_DEPLOYMENT_TARGET = 14.4;
				MTL_ENABLE_DEBUG_INFO = INCLUDE_SOURCE;
				MTL_FAST_MATH = YES;
				ONLY_ACTIVE_ARCH = YES;
				SDKROOT = iphoneos;
				SWIFT_ACTIVE_COMPILATION_CONDITIONS = DEBUG;
				SWIFT_OPTIMIZATION_LEVEL = "-Onone";
			};
			name = Debug;
		};
		639ED32D25FA1BEF005B4A9E /* Release */ = {
			isa = XCBuildConfiguration;
			buildSettings = {
				ALWAYS_SEARCH_USER_PATHS = NO;
				CLANG_ANALYZER_NONNULL = YES;
				CLANG_ANALYZER_NUMBER_OBJECT_CONVERSION = YES_AGGRESSIVE;
				CLANG_CXX_LANGUAGE_STANDARD = "gnu++14";
				CLANG_CXX_LIBRARY = "libc++";
				CLANG_ENABLE_MODULES = YES;
				CLANG_ENABLE_OBJC_ARC = YES;
				CLANG_ENABLE_OBJC_WEAK = YES;
				CLANG_WARN_BLOCK_CAPTURE_AUTORELEASING = YES;
				CLANG_WARN_BOOL_CONVERSION = YES;
				CLANG_WARN_COMMA = YES;
				CLANG_WARN_CONSTANT_CONVERSION = YES;
				CLANG_WARN_DEPRECATED_OBJC_IMPLEMENTATIONS = YES;
				CLANG_WARN_DIRECT_OBJC_ISA_USAGE = YES_ERROR;
				CLANG_WARN_DOCUMENTATION_COMMENTS = YES;
				CLANG_WARN_EMPTY_BODY = YES;
				CLANG_WARN_ENUM_CONVERSION = YES;
				CLANG_WARN_INFINITE_RECURSION = YES;
				CLANG_WARN_INT_CONVERSION = YES;
				CLANG_WARN_NON_LITERAL_NULL_CONVERSION = YES;
				CLANG_WARN_OBJC_IMPLICIT_RETAIN_SELF = YES;
				CLANG_WARN_OBJC_LITERAL_CONVERSION = YES;
				CLANG_WARN_OBJC_ROOT_CLASS = YES_ERROR;
				CLANG_WARN_QUOTED_INCLUDE_IN_FRAMEWORK_HEADER = YES;
				CLANG_WARN_RANGE_LOOP_ANALYSIS = YES;
				CLANG_WARN_STRICT_PROTOTYPES = YES;
				CLANG_WARN_SUSPICIOUS_MOVE = YES;
				CLANG_WARN_UNGUARDED_AVAILABILITY = YES_AGGRESSIVE;
				CLANG_WARN_UNREACHABLE_CODE = YES;
				CLANG_WARN__DUPLICATE_METHOD_MATCH = YES;
				COPY_PHASE_STRIP = NO;
				DEBUG_INFORMATION_FORMAT = "dwarf-with-dsym";
				ENABLE_NS_ASSERTIONS = NO;
				ENABLE_STRICT_OBJC_MSGSEND = YES;
				GCC_C_LANGUAGE_STANDARD = gnu11;
				GCC_NO_COMMON_BLOCKS = YES;
				GCC_WARN_64_TO_32_BIT_CONVERSION = YES;
				GCC_WARN_ABOUT_RETURN_TYPE = YES_ERROR;
				GCC_WARN_UNDECLARED_SELECTOR = YES;
				GCC_WARN_UNINITIALIZED_AUTOS = YES_AGGRESSIVE;
				GCC_WARN_UNUSED_FUNCTION = YES;
				GCC_WARN_UNUSED_VARIABLE = YES;
				IPHONEOS_DEPLOYMENT_TARGET = 14.4;
				MTL_ENABLE_DEBUG_INFO = NO;
				MTL_FAST_MATH = YES;
				SDKROOT = iphoneos;
				SWIFT_COMPILATION_MODE = wholemodule;
				SWIFT_OPTIMIZATION_LEVEL = "-O";
				VALIDATE_PRODUCT = YES;
			};
			name = Release;
		};
		639ED32F25FA1BEF005B4A9E /* Debug */ = {
			isa = XCBuildConfiguration;
			buildSettings = {
				ASSETCATALOG_COMPILER_APPICON_NAME = AppIcon;
				ASSETCATALOG_COMPILER_GLOBAL_ACCENT_COLOR_NAME = AccentColor;
				CODE_SIGN_STYLE = Automatic;
				DEVELOPMENT_ASSET_PATHS = "\"AppState/Preview Content\"";
				DEVELOPMENT_TEAM = 3SGNZQGS68;
				ENABLE_PREVIEWS = YES;
				INFOPLIST_FILE = AppState/Info.plist;
				IPHONEOS_DEPLOYMENT_TARGET = 14.0;
				LD_RUNPATH_SEARCH_PATHS = (
					"$(inherited)",
					"@executable_path/Frameworks",
				);
				PRODUCT_BUNDLE_IDENTIFIER = com.fassko.AppState;
				PRODUCT_NAME = "$(TARGET_NAME)";
				SWIFT_VERSION = 5.0;
				TARGETED_DEVICE_FAMILY = "1,2";
			};
			name = Debug;
		};
		639ED33025FA1BEF005B4A9E /* Release */ = {
			isa = XCBuildConfiguration;
			buildSettings = {
				ASSETCATALOG_COMPILER_APPICON_NAME = AppIcon;
				ASSETCATALOG_COMPILER_GLOBAL_ACCENT_COLOR_NAME = AccentColor;
				CODE_SIGN_STYLE = Automatic;
				DEVELOPMENT_ASSET_PATHS = "\"AppState/Preview Content\"";
				DEVELOPMENT_TEAM = 3SGNZQGS68;
				ENABLE_PREVIEWS = YES;
				INFOPLIST_FILE = AppState/Info.plist;
				IPHONEOS_DEPLOYMENT_TARGET = 14.0;
				LD_RUNPATH_SEARCH_PATHS = (
					"$(inherited)",
					"@executable_path/Frameworks",
				);
				PRODUCT_BUNDLE_IDENTIFIER = com.fassko.AppState;
				PRODUCT_NAME = "$(TARGET_NAME)";
				SWIFT_VERSION = 5.0;
				TARGETED_DEVICE_FAMILY = "1,2";
			};
			name = Release;
		};
/* End XCBuildConfiguration section */

/* Begin XCConfigurationList section */
		639ED31A25FA1BEE005B4A9E /* Build configuration list for PBXProject "AppState" */ = {
			isa = XCConfigurationList;
			buildConfigurations = (
				639ED32C25FA1BEF005B4A9E /* Debug */,
				639ED32D25FA1BEF005B4A9E /* Release */,
			);
			defaultConfigurationIsVisible = 0;
			defaultConfigurationName = Release;
		};
		639ED32E25FA1BEF005B4A9E /* Build configuration list for PBXNativeTarget "AppState" */ = {
			isa = XCConfigurationList;
			buildConfigurations = (
				639ED32F25FA1BEF005B4A9E /* Debug */,
				639ED33025FA1BEF005B4A9E /* Release */,
			);
			defaultConfigurationIsVisible = 0;
			defaultConfigurationName = Release;
		};
/* End XCConfigurationList section */
	};
	rootObject = 639ED31725FA1BEE005B4A9E /* Project object */;
}
